
Microsoft Visual Studio Solution File, Format Version 12.00
# Visual Studio Version 17
VisualStudioVersion = 17.6.33723.286
MinimumVisualStudioVersion = 10.0.40219.1
Project("{FAE04EC0-301F-11D3-BF4B-00C04F79EFBC}") = "SimpleWS-Client", "SimpleWS-Client\SimpleWS-Client.csproj", "{0E859FD1-7A0D-4C32-A84B-FD34954BB40E}"
EndProject
Global
	GlobalSection(SolutionConfigurationPlatforms) = preSolution
		Debug|Any CPU = Debug|Any CPU
		Release|Any CPU = Release|Any CPU
	EndGlobalSection
	GlobalSection(ProjectConfigurationPlatforms) = postSolution
		{0E859FD1-7A0D-4C32-A84B-FD34954BB40E}.Debug|Any CPU.ActiveCfg = Debug|Any CPU
		{0E859FD1-7A0D-4C32-A84B-FD34954BB40E}.Debug|Any CPU.Build.0 = Debug|Any CPU
		{0E859FD1-7A0D-4C32-A84B-FD34954BB40E}.Release|Any CPU.ActiveCfg = Release|Any CPU
		{0E859FD1-7A0D-4C32-A84B-FD34954BB40E}.Release|Any CPU.Build.0 = Release|Any CPU
	EndGlobalSection
	GlobalSection(SolutionProperties) = preSolution
		HideSolutionNode = FALSE
	EndGlobalSection
	GlobalSection(ExtensibilityGlobals) = postSolution
		SolutionGuid = {BAB59C94-55FD-4815-A68F-FE32AC1830FB}
	EndGlobalSection
EndGlobal
